
Microsoft Visual Studio Solution File, Format Version 12.00
# Visual Studio 15
VisualStudioVersion = 15.0.28010.2016
MinimumVisualStudioVersion = 10.0.40219.1
Project("{FAE04EC0-301F-11D3-BF4B-00C04F79EFBC}") = "TBQuestGame", "TBQuestGame\TBQuestGame.csproj", "{2F71FAEC-5144-46F9-B709-63F72B23B343}"
EndProject
Global
	GlobalSection(SolutionConfigurationPlatforms) = preSolution
		Debug|Any CPU = Debug|Any CPU
		Release|Any CPU = Release|Any CPU
	EndGlobalSection
	GlobalSection(ProjectConfigurationPlatforms) = postSolution
		{2F71FAEC-5144-46F9-B709-63F72B23B343}.Debug|Any CPU.ActiveCfg = Debug|Any CPU
		{2F71FAEC-5144-46F9-B709-63F72B23B343}.Debug|Any CPU.Build.0 = Debug|Any CPU
		{2F71FAEC-5144-46F9-B709-63F72B23B343}.Release|Any CPU.ActiveCfg = Release|Any CPU
		{2F71FAEC-5144-46F9-B709-63F72B23B343}.Release|Any CPU.Build.0 = Release|Any CPU
	EndGlobalSection
	GlobalSection(SolutionProperties) = preSolution
		HideSolutionNode = FALSE
	EndGlobalSection
	GlobalSection(ExtensibilityGlobals) = postSolution
		SolutionGuid = {C2D26BC6-7CCE-4CD7-900E-7C622ED3496A}
	EndGlobalSection
EndGlobal
